{
    "_readme": [
        "This file locks the dependencies of your project to a known state",
        "Read more about it at https://getcomposer.org/doc/01-basic-usage.md#installing-dependencies",
        "This file is @generated automatically"
    ],
    "content-hash": "1fd95e59145c7743cad7b84a40775e85",
    "packages": [
        {
            "name": "fox91-dependabot-gitlab-tests/private-composer-package",
            "version": "0.0.1",
            "source": {
                "type": "git",
                "url": "git@gitlab.com:fox91-dependabot-gitlab-tests/private-composer-package.git",
                "reference": "82a5ab85185012ccbaf52b2158dcea2eaa5ae940"
            },
            "dist": {
                "type": "zip",
                "url": "https://gitlab.com/api/v4/projects/65624892/packages/composer/archives/fox91-dependabot-gitlab-tests/private-composer-package.zip?sha=82a5ab85185012ccbaf52b2158dcea2eaa5ae940",
                "reference": "82a5ab85185012ccbaf52b2158dcea2eaa5ae940",
                "shasum": ""
            },
            "type": "library",
            "autoload": {
                "psr-4": {
                    "DependabotGitlabTests\\PrivatePkg\\": "src/"
                }
            },
            "license": [
                "proprietary"
            ],
            "description": "GitLab private composer package"
        },
        {
            "name": "fox91-dependabot-gitlab-tests/public-composer-package",
            "version": "0.0.1",
            "source": {
                "type": "git",
                "url": "https://gitlab.com/fox91-dependabot-gitlab-tests/public-composer-package.git",
                "reference": "a596bbbf47587e3714a47c48f4ab67d77b8f4e7e"
            },
            "dist": {
                "type": "zip",
                "url": "https://gitlab.com/api/v4/projects/65624883/packages/composer/archives/fox91-dependabot-gitlab-tests/public-composer-package.zip?sha=a596bbbf47587e3714a47c48f4ab67d77b8f4e7e",
                "reference": "a596bbbf47587e3714a47c48f4ab67d77b8f4e7e",
                "shasum": ""
            },
            "type": "library",
            "autoload": {
                "psr-4": {
                    "DependabotGitlabTests\\PublicPkg\\": "src/"
                }
            },
            "license": [
                "proprietary"
            ],
            "description": "GitLab public composer package"
        },
        {
            "name": "psr/log",
            "version": "3.0.0",
            "source": {
                "type": "git",
                "url": "https://github.com/php-fig/log.git",
                "reference": "fe5ea303b0887d5caefd3d431c3e61ad47037001"
            },
            "dist": {
                "type": "zip",
                "url": "https://api.github.com/repos/php-fig/log/zipball/fe5ea303b0887d5caefd3d431c3e61ad47037001",
                "reference": "fe5ea303b0887d5caefd3d431c3e61ad47037001",
                "shasum": ""
            },
            "require": {
                "php": ">=8.0.0"
            },
            "type": "library",
            "extra": {
                "branch-alias": {
                    "dev-master": "3.x-dev"
                }
            },
            "autoload": {
                "psr-4": {
                    "Psr\\Log\\": "src"
                }
            },
            "notification-url": "https://packagist.org/downloads/",
            "license": [
                "MIT"
            ],
            "authors": [
                {
                    "name": "PHP-FIG",
                    "homepage": "https://www.php-fig.org/"
                }
            ],
            "description": "Common interface for logging libraries",
            "homepage": "https://github.com/php-fig/log",
            "keywords": [
                "log",
                "psr",
                "psr-3"
            ],
            "support": {
                "source": "https://github.com/php-fig/log/tree/3.0.0"
            },
            "time": "2021-07-14T16:46:02+00:00"
        }
    ],
    "packages-dev": [],
    "aliases": [],
    "minimum-stability": "stable",
    "stability-flags": {},
    "prefer-stable": false,
    "prefer-lowest": false,
    "platform": {},
    "platform-dev": {},
    "plugin-api-version": "2.6.0"
}
