{
    "_readme": [
        "This file locks the dependencies of your project to a known state",
        "Read more about it at https://getcomposer.org/doc/01-basic-usage.md#installing-dependencies",
        "This file is @generated automatically"
    ],
    "content-hash": "2749ae50e012cb78f3a0aa24d76ed735",
    "packages": [
        {
            "name": "fox91-dependabot-gitlab-tests/private-composer-package",
            "version": "0.0.2",
            "source": {
                "type": "git",
                "url": "git@gitlab.com:fox91-dependabot-gitlab-tests/private-composer-package.git",
                "reference": "fc06caa4d8e9464ba03a0609db5fdd161304f8a4"
            },
            "dist": {
                "type": "zip",
                "url": "https://gitlab.com/api/v4/projects/65624892/packages/composer/archives/fox91-dependabot-gitlab-tests/private-composer-package.zip?sha=fc06caa4d8e9464ba03a0609db5fdd161304f8a4",
                "reference": "fc06caa4d8e9464ba03a0609db5fdd161304f8a4",
                "shasum": ""
            },
            "type": "library",
            "autoload": {
                "psr-4": {
                    "DependabotGitlabTests\\PrivatePkg\\": "src/"
                }
            },
            "license": [
                "proprietary"
            ],
            "description": "GitLab private composer package - test"
        },
        {
            "name": "fox91-dependabot-gitlab-tests/public-composer-package",
            "version": "0.0.1",
            "source": {
                "type": "git",
                "url": "https://gitlab.com/fox91-dependabot-gitlab-tests/public-composer-package.git",
                "reference": "a596bbbf47587e3714a47c48f4ab67d77b8f4e7e"
            },
            "dist": {
                "type": "zip",
                "url": "https://gitlab.com/api/v4/projects/65624883/packages/composer/archives/fox91-dependabot-gitlab-tests/public-composer-package.zip?sha=a596bbbf47587e3714a47c48f4ab67d77b8f4e7e",
                "reference": "a596bbbf47587e3714a47c48f4ab67d77b8f4e7e",
                "shasum": ""
            },
            "type": "library",
            "autoload": {
                "psr-4": {
                    "DependabotGitlabTests\\PublicPkg\\": "src/"
                }
            },
            "license": [
                "proprietary"
            ],
            "description": "GitLab public composer package"
        },
        {
            "name": "psr/log",
            "version": "1.1.0",
            "source": {
                "type": "git",
                "url": "https://github.com/php-fig/log.git",
                "reference": "6c001f1daafa3a3ac1d8ff69ee4db8e799a654dd"
            },
            "dist": {
                "type": "zip",
                "url": "https://api.github.com/repos/php-fig/log/zipball/6c001f1daafa3a3ac1d8ff69ee4db8e799a654dd",
                "reference": "6c001f1daafa3a3ac1d8ff69ee4db8e799a654dd",
                "shasum": ""
            },
            "require": {
                "php": ">=5.3.0"
            },
            "type": "library",
            "extra": {
                "branch-alias": {
                    "dev-master": "1.0.x-dev"
                }
            },
            "autoload": {
                "psr-4": {
                    "Psr\\Log\\": "Psr/Log/"
                }
            },
            "notification-url": "https://packagist.org/downloads/",
            "license": [
                "MIT"
            ],
            "authors": [
                {
                    "name": "PHP-FIG",
                    "homepage": "http://www.php-fig.org/"
                }
            ],
            "description": "Common interface for logging libraries",
            "homepage": "https://github.com/php-fig/log",
            "keywords": [
                "log",
                "psr",
                "psr-3"
            ],
            "support": {
                "source": "https://github.com/php-fig/log/tree/master"
            },
            "time": "2018-11-20T15:27:04+00:00"
        }
    ],
    "packages-dev": [],
    "aliases": [],
    "minimum-stability": "stable",
    "stability-flags": [],
    "prefer-stable": false,
    "prefer-lowest": false,
    "platform": [],
    "platform-dev": [],
    "plugin-api-version": "2.6.0"
}
